
Microsoft Visual Studio Solution File, Format Version 12.00
# Visual Studio Version 16
VisualStudioVersion = 16.0.31005.135
MinimumVisualStudioVersion = 10.0.40219.1
Project("{FAE04EC0-301F-11D3-BF4B-00C04F79EFBC}") = "Parkings", "Parkings\Parkings.csproj", "{CE257A77-8C4C-4DFD-A3AF-CE15F655059C}"
EndProject
Global
	GlobalSection(SolutionConfigurationPlatforms) = preSolution
		Debug|Any CPU = Debug|Any CPU
		Release|Any CPU = Release|Any CPU
	EndGlobalSection
	GlobalSection(ProjectConfigurationPlatforms) = postSolution
		{CE257A77-8C4C-4DFD-A3AF-CE15F655059C}.Debug|Any CPU.ActiveCfg = Debug|Any CPU
		{CE257A77-8C4C-4DFD-A3AF-CE15F655059C}.Debug|Any CPU.Build.0 = Debug|Any CPU
		{CE257A77-8C4C-4DFD-A3AF-CE15F655059C}.Release|Any CPU.ActiveCfg = Release|Any CPU
		{CE257A77-8C4C-4DFD-A3AF-CE15F655059C}.Release|Any CPU.Build.0 = Release|Any CPU
	EndGlobalSection
	GlobalSection(SolutionProperties) = preSolution
		HideSolutionNode = FALSE
	EndGlobalSection
	GlobalSection(ExtensibilityGlobals) = postSolution
		SolutionGuid = {EFE8AA3A-F89E-45B8-B041-259483CD2917}
	EndGlobalSection
EndGlobal
